{
  "name": "appsync-graphql-dynamodb",
  "version": "1.0.0",
  "lockfileVersion": 1,
  "requires": true,
  "dependencies": {
    "@aws-cdk/assets": {
      "version": "1.38.0",
      "resolved": "https://registry.npmjs.org/@aws-cdk/assets/-/assets-1.38.0.tgz",
      "integrity": "sha512-0eRpBvTAoYGy9SzFf13vi+/SaIjHyx+qMOjNKf+xBKYR3p+PEMWT9v8Af0dJVDRXg7Ifx4lj+thtnjgTmiep8Q==",
      "requires": {
        "@aws-cdk/core": "1.38.0",
        "@aws-cdk/cx-api": "1.38.0",
        "constructs": "^3.0.2"
      }
    },
    "@aws-cdk/aws-apigateway": {
      "version": "1.38.0",
      "resolved": "https://registry.npmjs.org/@aws-cdk/aws-apigateway/-/aws-apigateway-1.38.0.tgz",
      "integrity": "sha512-GVyX+GJtopiQGR+hFzcmhc0xYxkE6UOKl4zo6sMNbQdTC+ll82YGPNYrc9jq8uzq2r+obKi6yffwwdlmSyNwvQ==",
      "requires": {
        "@aws-cdk/aws-certificatemanager": "1.38.0",
        "@aws-cdk/aws-ec2": "1.38.0",
        "@aws-cdk/aws-elasticloadbalancingv2": "1.38.0",
        "@aws-cdk/aws-iam": "1.38.0",
        "@aws-cdk/aws-lambda": "1.38.0",
        "@aws-cdk/aws-logs": "1.38.0",
        "@aws-cdk/core": "1.38.0",
        "constructs": "^3.0.2"
      }
    },
    "@aws-cdk/aws-applicationautoscaling": {
      "version": "1.38.0",
      "resolved": "https://registry.npmjs.org/@aws-cdk/aws-applicationautoscaling/-/aws-applicationautoscaling-1.38.0.tgz",
      "integrity": "sha512-07hyr3SciBd6r8yZ3n5DkAEz5yi9RDkXCFZd/K84AlUxXloi7d1q06Lc+vDcIGrn3R0uYZWe3dt+DxNd5Z40kg==",
      "requires": {
        "@aws-cdk/aws-autoscaling-common": "1.38.0",
        "@aws-cdk/aws-cloudwatch": "1.38.0",
        "@aws-cdk/aws-iam": "1.38.0",
        "@aws-cdk/core": "1.38.0",
        "constructs": "^3.0.2"
      }
    },
    "@aws-cdk/aws-appsync": {
      "version": "1.38.0",
      "resolved": "https://registry.npmjs.org/@aws-cdk/aws-appsync/-/aws-appsync-1.38.0.tgz",
      "integrity": "sha512-VQXaZMsXxDk/nPArMO3Vjfw2IzjPsvK/1moK/sl+z3aOztEbuBsg/4BOzrgk23iNwa49VjguQosv5tAvEooFkQ==",
      "requires": {
        "@aws-cdk/aws-cognito": "1.38.0",
        "@aws-cdk/aws-dynamodb": "1.38.0",
        "@aws-cdk/aws-iam": "1.38.0",
        "@aws-cdk/aws-lambda": "1.38.0",
        "@aws-cdk/core": "1.38.0",
        "constructs": "^3.0.2"
      }
    },
    "@aws-cdk/aws-autoscaling-common": {
      "version": "1.38.0",
      "resolved": "https://registry.npmjs.org/@aws-cdk/aws-autoscaling-common/-/aws-autoscaling-common-1.38.0.tgz",
      "integrity": "sha512-VmC/vpKuKJcigDSYlcbNVxkpMAZtuZ7wMlJAQvqnx6O/f3NM/Xnke+/BepJeUvrSKFcFPudNS/+HPvT8iJk7JQ==",
      "requires": {
        "@aws-cdk/aws-iam": "1.38.0",
        "@aws-cdk/core": "1.38.0",
        "constructs": "^3.0.2"
      }
    },
    "@aws-cdk/aws-certificatemanager": {
      "version": "1.38.0",
      "resolved": "https://registry.npmjs.org/@aws-cdk/aws-certificatemanager/-/aws-certificatemanager-1.38.0.tgz",
      "integrity": "sha512-IADf1TIg51r+aYzOD2EJ62VLt/nX5+fiV1m7Fmy4e8HjMfwyD1oCDPd560bFG9hOZIraVCiBNyMuMGjTk486Bg==",
      "requires": {
        "@aws-cdk/aws-iam": "1.38.0",
        "@aws-cdk/aws-lambda": "1.38.0",
        "@aws-cdk/aws-route53": "1.38.0",
        "@aws-cdk/core": "1.38.0",
        "constructs": "^3.0.2"
      }
    },
    "@aws-cdk/aws-cloudformation": {
      "version": "1.38.0",
      "resolved": "https://registry.npmjs.org/@aws-cdk/aws-cloudformation/-/aws-cloudformation-1.38.0.tgz",
      "integrity": "sha512-sVvVOBjG1jBlxes+TeEt2aCNok+2SyFuGyhz7GUFzw3bKuEcYyj/oMABeK9orzJaJ14CDRgCEu2PHC0G8eg2Tw==",
      "requires": {
        "@aws-cdk/aws-iam": "1.38.0",
        "@aws-cdk/aws-lambda": "1.38.0",
        "@aws-cdk/aws-s3": "1.38.0",
        "@aws-cdk/aws-sns": "1.38.0",
        "@aws-cdk/core": "1.38.0",
        "@aws-cdk/cx-api": "1.38.0",
        "constructs": "^3.0.2"
      }
    },
    "@aws-cdk/aws-cloudwatch": {
      "version": "1.38.0",
      "resolved": "https://registry.npmjs.org/@aws-cdk/aws-cloudwatch/-/aws-cloudwatch-1.38.0.tgz",
      "integrity": "sha512-uRE+NtPdu52Sx/GXOuhH0SinREZQyGOhugZbJNyeaE42EH8Ckzd7p2kNHP52rg6iq8mHJ7QJtVHjG4Wi2681JA==",
      "requires": {
        "@aws-cdk/aws-iam": "1.38.0",
        "@aws-cdk/core": "1.38.0",
        "constructs": "^3.0.2"
      }
    },
    "@aws-cdk/aws-cognito": {
      "version": "1.38.0",
      "resolved": "https://registry.npmjs.org/@aws-cdk/aws-cognito/-/aws-cognito-1.38.0.tgz",
      "integrity": "sha512-KFcF67HSDna2E3DySi2TzFXAGA4POiSYri0Z4XfEd2n0kWB3F+O2TctFdKLjxwuBaEaebFYbpyZM8u99RzRFmg==",
      "requires": {
        "@aws-cdk/aws-certificatemanager": "1.38.0",
        "@aws-cdk/aws-iam": "1.38.0",
        "@aws-cdk/aws-lambda": "1.38.0",
        "@aws-cdk/core": "1.38.0",
        "@aws-cdk/custom-resources": "1.38.0",
        "constructs": "^3.0.2"
      }
    },
    "@aws-cdk/aws-dynamodb": {
      "version": "1.38.0",
      "resolved": "https://registry.npmjs.org/@aws-cdk/aws-dynamodb/-/aws-dynamodb-1.38.0.tgz",
      "integrity": "sha512-qKZXZoyzV++b/3Y0C+9ybf1FRr3maPrhxJXtymqdQjtr4x2QrvCpt0+06Z24JBG/N8W/tcQ4XzBKjkQh/v25Ow==",
      "requires": {
        "@aws-cdk/aws-applicationautoscaling": "1.38.0",
        "@aws-cdk/aws-cloudwatch": "1.38.0",
        "@aws-cdk/aws-iam": "1.38.0",
        "@aws-cdk/aws-lambda": "1.38.0",
        "@aws-cdk/core": "1.38.0",
        "@aws-cdk/custom-resources": "1.38.0",
        "constructs": "^3.0.2"
      }
    },
    "@aws-cdk/aws-ec2": {
      "version": "1.38.0",
      "resolved": "https://registry.npmjs.org/@aws-cdk/aws-ec2/-/aws-ec2-1.38.0.tgz",
      "integrity": "sha512-GWtSRbkbkI6uBMYLnJam3/IsVrOzmz4K+6SFLM+z0DxY9zF+TBe0TNCbY1SOkvLZ/b4ZLMpDbCnnFXFuPW4qyA==",
      "requires": {
        "@aws-cdk/aws-cloudwatch": "1.38.0",
        "@aws-cdk/aws-iam": "1.38.0",
        "@aws-cdk/aws-logs": "1.38.0",
        "@aws-cdk/aws-s3": "1.38.0",
        "@aws-cdk/aws-ssm": "1.38.0",
        "@aws-cdk/cloud-assembly-schema": "1.38.0",
        "@aws-cdk/core": "1.38.0",
        "@aws-cdk/cx-api": "1.38.0",
        "@aws-cdk/region-info": "1.38.0",
        "constructs": "^3.0.2"
      }
    },
    "@aws-cdk/aws-elasticloadbalancingv2": {
      "version": "1.38.0",
      "resolved": "https://registry.npmjs.org/@aws-cdk/aws-elasticloadbalancingv2/-/aws-elasticloadbalancingv2-1.38.0.tgz",
      "integrity": "sha512-HR1Z1su1iUzGdRloUz1rijXBuQi8IUWYGjTyfTXbIg6Z95FPpLQOfCRyWW9YuJDa7B3zUGs8QwpIlJtAbshNpw==",
      "requires": {
        "@aws-cdk/aws-certificatemanager": "1.38.0",
        "@aws-cdk/aws-cloudwatch": "1.38.0",
        "@aws-cdk/aws-ec2": "1.38.0",
        "@aws-cdk/aws-iam": "1.38.0",
        "@aws-cdk/aws-lambda": "1.38.0",
        "@aws-cdk/aws-s3": "1.38.0",
        "@aws-cdk/core": "1.38.0",
        "constructs": "^3.0.2"
      }
    },
    "@aws-cdk/aws-events": {
      "version": "1.38.0",
      "resolved": "https://registry.npmjs.org/@aws-cdk/aws-events/-/aws-events-1.38.0.tgz",
      "integrity": "sha512-uALILuz1aW+BLuNm48iYNunsTjIPkoDmtH+fMutOA2vqhIiAjU+RoEx5NIqyDboj3MgDk29tFl/Jb1RI7LGexA==",
      "requires": {
        "@aws-cdk/aws-iam": "1.38.0",
        "@aws-cdk/core": "1.38.0",
        "constructs": "^3.0.2"
      }
    },
    "@aws-cdk/aws-iam": {
      "version": "1.38.0",
      "resolved": "https://registry.npmjs.org/@aws-cdk/aws-iam/-/aws-iam-1.38.0.tgz",
      "integrity": "sha512-VTmjKdw0J3dlpli4IFgdxIS7ydJIaoCZVmpyRPyecujVcU14hD+OJ+fwnCaZ42+2G0DGABNq5BGxS6OyYaBVcw==",
      "requires": {
        "@aws-cdk/core": "1.38.0",
        "@aws-cdk/region-info": "1.38.0",
        "constructs": "^3.0.2"
      }
    },
    "@aws-cdk/aws-kinesis": {
      "version": "1.38.0",
      "resolved": "https://registry.npmjs.org/@aws-cdk/aws-kinesis/-/aws-kinesis-1.38.0.tgz",
      "integrity": "sha512-YW2XIBoRxRSNpAifUTonIdYO93RCi+og99T14NXjvjR+wlxRTe9tpLNWPvn9PqMBpVrXKm2LNzJSVYnDzFBaVw==",
      "requires": {
        "@aws-cdk/aws-iam": "1.38.0",
        "@aws-cdk/aws-kms": "1.38.0",
        "@aws-cdk/aws-logs": "1.38.0",
        "@aws-cdk/core": "1.38.0",
        "constructs": "^3.0.2"
      }
    },
    "@aws-cdk/aws-kms": {
      "version": "1.38.0",
      "resolved": "https://registry.npmjs.org/@aws-cdk/aws-kms/-/aws-kms-1.38.0.tgz",
      "integrity": "sha512-o75Adr6kNcLrdn063Fv+z/kpWyB7901hPR5OSZXpXgct63bQi/BJM1vX3HP9SetTDarvqIJFfEB2oKyJeuzKGg==",
      "requires": {
        "@aws-cdk/aws-iam": "1.38.0",
        "@aws-cdk/core": "1.38.0",
        "constructs": "^3.0.2"
      }
    },
    "@aws-cdk/aws-lambda": {
      "version": "1.38.0",
      "resolved": "https://registry.npmjs.org/@aws-cdk/aws-lambda/-/aws-lambda-1.38.0.tgz",
      "integrity": "sha512-pGu6TG++F76FZQm2O7fPS18nM/ETdmXaO+U6DgYEz5LkD7GRZn07rCLg0HcfV8e3Lgp9M2ydxtVYpFIDLAjHtQ==",
      "requires": {
        "@aws-cdk/aws-cloudwatch": "1.38.0",
        "@aws-cdk/aws-ec2": "1.38.0",
        "@aws-cdk/aws-events": "1.38.0",
        "@aws-cdk/aws-iam": "1.38.0",
        "@aws-cdk/aws-logs": "1.38.0",
        "@aws-cdk/aws-s3": "1.38.0",
        "@aws-cdk/aws-s3-assets": "1.38.0",
        "@aws-cdk/aws-sqs": "1.38.0",
        "@aws-cdk/core": "1.38.0",
        "@aws-cdk/cx-api": "1.38.0",
        "constructs": "^3.0.2"
      }
    },
    "@aws-cdk/aws-lambda-event-sources": {
      "version": "1.38.0",
      "resolved": "https://registry.npmjs.org/@aws-cdk/aws-lambda-event-sources/-/aws-lambda-event-sources-1.38.0.tgz",
      "integrity": "sha512-etxraWkN5uDq35xt59V2hHxKkMJ64Iz3haVJK72e4s7yD+Hh5fQJVgJdwpOYOmAQm4IWUnBMQZDx3U6a+83VaA==",
      "requires": {
        "@aws-cdk/aws-apigateway": "1.38.0",
        "@aws-cdk/aws-dynamodb": "1.38.0",
        "@aws-cdk/aws-events": "1.38.0",
        "@aws-cdk/aws-iam": "1.38.0",
        "@aws-cdk/aws-kinesis": "1.38.0",
        "@aws-cdk/aws-lambda": "1.38.0",
        "@aws-cdk/aws-s3": "1.38.0",
        "@aws-cdk/aws-s3-notifications": "1.38.0",
        "@aws-cdk/aws-sns": "1.38.0",
        "@aws-cdk/aws-sns-subscriptions": "1.38.0",
        "@aws-cdk/aws-sqs": "1.38.0",
        "@aws-cdk/core": "1.38.0",
        "constructs": "^3.0.2"
      }
    },
    "@aws-cdk/aws-logs": {
      "version": "1.38.0",
      "resolved": "https://registry.npmjs.org/@aws-cdk/aws-logs/-/aws-logs-1.38.0.tgz",
      "integrity": "sha512-4wZCQVCFw76U/xcO9m4GC8j/gUvp7NXdOJ1aNVAKQb4ufJlrc7HPiUxWU2IvGdZluH7H3rW6+QloEEAoEOnQ5Q==",
      "requires": {
        "@aws-cdk/aws-cloudwatch": "1.38.0",
        "@aws-cdk/aws-iam": "1.38.0",
        "@aws-cdk/core": "1.38.0",
        "constructs": "^3.0.2"
      }
    },
    "@aws-cdk/aws-route53": {
      "version": "1.38.0",
      "resolved": "https://registry.npmjs.org/@aws-cdk/aws-route53/-/aws-route53-1.38.0.tgz",
      "integrity": "sha512-qCL6pwrvFKErr1jv/ulTsFoxBJcJuMuFwnqmHyqJQDlZ6bU+0c4mcAp/WwU3ydZYpmjsdXMl4pOqrsKKS6huYw==",
      "requires": {
        "@aws-cdk/aws-ec2": "1.38.0",
        "@aws-cdk/aws-logs": "1.38.0",
        "@aws-cdk/cloud-assembly-schema": "1.38.0",
        "@aws-cdk/core": "1.38.0",
        "constructs": "^3.0.2"
      }
    },
    "@aws-cdk/aws-s3": {
      "version": "1.38.0",
      "resolved": "https://registry.npmjs.org/@aws-cdk/aws-s3/-/aws-s3-1.38.0.tgz",
      "integrity": "sha512-qq0naSn2TEhdjtLC7mRqwDr/ciCvd/iP3jWUzVPiGOHo5+nZGfERa+IYiCzB/wLgkAW7jZi/gD6AUZfiQgY9Vg==",
      "requires": {
        "@aws-cdk/aws-events": "1.38.0",
        "@aws-cdk/aws-iam": "1.38.0",
        "@aws-cdk/aws-kms": "1.38.0",
        "@aws-cdk/core": "1.38.0",
        "constructs": "^3.0.2"
      }
    },
    "@aws-cdk/aws-s3-assets": {
      "version": "1.38.0",
      "resolved": "https://registry.npmjs.org/@aws-cdk/aws-s3-assets/-/aws-s3-assets-1.38.0.tgz",
      "integrity": "sha512-pCFIpV186zmlbF+aI5dVYf7Y8IPv+Qy/pcs2A7ibbHlilWb+aSDCL+ohD4M4EMWHYQuvez3RYGHq68xKDaKKOA==",
      "requires": {
        "@aws-cdk/assets": "1.38.0",
        "@aws-cdk/aws-iam": "1.38.0",
        "@aws-cdk/aws-s3": "1.38.0",
        "@aws-cdk/core": "1.38.0",
        "@aws-cdk/cx-api": "1.38.0",
        "constructs": "^3.0.2"
      }
    },
    "@aws-cdk/aws-s3-notifications": {
      "version": "1.38.0",
      "resolved": "https://registry.npmjs.org/@aws-cdk/aws-s3-notifications/-/aws-s3-notifications-1.38.0.tgz",
      "integrity": "sha512-J9mBupL8ttbw5kWfiwjkrqJCP15vi7pYj4GiEk1SnHfXH7fg6o3oHT+D+P+omkin1P6w4tIxPjssH2jexHY+PA==",
      "requires": {
        "@aws-cdk/aws-iam": "1.38.0",
        "@aws-cdk/aws-lambda": "1.38.0",
        "@aws-cdk/aws-s3": "1.38.0",
        "@aws-cdk/aws-sns": "1.38.0",
        "@aws-cdk/aws-sqs": "1.38.0",
        "@aws-cdk/core": "1.38.0",
        "constructs": "^3.0.2"
      }
    },
    "@aws-cdk/aws-sns": {
      "version": "1.38.0",
      "resolved": "https://registry.npmjs.org/@aws-cdk/aws-sns/-/aws-sns-1.38.0.tgz",
      "integrity": "sha512-aRageJqETVFORXrnwrGZVccU+I546pklrj8bhTa3USgjalww2xBsXxp98V3JY1ux4aO0yEaQHjIhys5BWgGEAw==",
      "requires": {
        "@aws-cdk/aws-cloudwatch": "1.38.0",
        "@aws-cdk/aws-events": "1.38.0",
        "@aws-cdk/aws-iam": "1.38.0",
        "@aws-cdk/aws-kms": "1.38.0",
        "@aws-cdk/core": "1.38.0",
        "constructs": "^3.0.2"
      }
    },
    "@aws-cdk/aws-sns-subscriptions": {
      "version": "1.38.0",
      "resolved": "https://registry.npmjs.org/@aws-cdk/aws-sns-subscriptions/-/aws-sns-subscriptions-1.38.0.tgz",
      "integrity": "sha512-bRaj+bwOjC+r5plZOlChL83gUhthqAXvvNfIWPqbA1qZwgDPhUb+wXZuIa7xK9FhwaeTohLXnyYsd/phk0OHzA==",
      "requires": {
        "@aws-cdk/aws-iam": "1.38.0",
        "@aws-cdk/aws-lambda": "1.38.0",
        "@aws-cdk/aws-sns": "1.38.0",
        "@aws-cdk/aws-sqs": "1.38.0",
        "@aws-cdk/core": "1.38.0",
        "constructs": "^3.0.2"
      }
    },
    "@aws-cdk/aws-sqs": {
      "version": "1.38.0",
      "resolved": "https://registry.npmjs.org/@aws-cdk/aws-sqs/-/aws-sqs-1.38.0.tgz",
      "integrity": "sha512-05cXwfwYA7pBOIbHZbfLsA29C5YJvVW+flc+7eyg9PL0hiYyfU37Hoa81IqKZ4piz9zJgdM8fbGtPZEGSfi8Yg==",
      "requires": {
        "@aws-cdk/aws-cloudwatch": "1.38.0",
        "@aws-cdk/aws-iam": "1.38.0",
        "@aws-cdk/aws-kms": "1.38.0",
        "@aws-cdk/core": "1.38.0",
        "constructs": "^3.0.2"
      }
    },
    "@aws-cdk/aws-ssm": {
      "version": "1.38.0",
      "resolved": "https://registry.npmjs.org/@aws-cdk/aws-ssm/-/aws-ssm-1.38.0.tgz",
      "integrity": "sha512-b5Gb3pWNzFmhq7gcf+QQPGBZ5L8HYTnz8HBgbOTT6Z7WwBUK4SxHJb6NNyPJ13bPuB1uG3ipFSa5D3Tg7rbmnw==",
      "requires": {
        "@aws-cdk/aws-iam": "1.38.0",
        "@aws-cdk/aws-kms": "1.38.0",
        "@aws-cdk/cloud-assembly-schema": "1.38.0",
        "@aws-cdk/core": "1.38.0",
        "constructs": "^3.0.2"
      }
    },
    "@aws-cdk/cloud-assembly-schema": {
      "version": "1.38.0",
      "resolved": "https://registry.npmjs.org/@aws-cdk/cloud-assembly-schema/-/cloud-assembly-schema-1.38.0.tgz",
      "integrity": "sha512-Xs2WAHqGzdPpnULhcJbNWvPNqlzAf92OSK8A4yLosJOhy5kzXPxpttUaYatxUwN6na1olCeV0ZNWwEaAACrgrg==",
      "requires": {
        "jsonschema": "^1.2.5",
        "semver": "^7.2.2"
      },
      "dependencies": {
        "jsonschema": {
          "version": "1.2.6",
          "bundled": true
        },
        "semver": {
          "version": "7.3.2",
          "bundled": true
        }
      }
    },
    "@aws-cdk/core": {
      "version": "1.38.0",
      "resolved": "https://registry.npmjs.org/@aws-cdk/core/-/core-1.38.0.tgz",
      "integrity": "sha512-rLMrLUo8xudfJN8WASY1i8kgTwcjdmN5F9+9Tm2oCGHLMQEBSLYRQFlmYHma28f4FPGsd7YtcvNQjeNBRkywOw==",
      "requires": {
        "@aws-cdk/cloud-assembly-schema": "1.38.0",
        "@aws-cdk/cx-api": "1.38.0",
        "constructs": "^3.0.2",
        "minimatch": "^3.0.4"
      },
      "dependencies": {
        "balanced-match": {
          "version": "1.0.0",
          "bundled": true
        },
        "brace-expansion": {
          "version": "1.1.11",
          "bundled": true,
          "requires": {
            "balanced-match": "^1.0.0",
            "concat-map": "0.0.1"
          }
        },
        "concat-map": {
          "version": "0.0.1",
          "bundled": true
        },
        "minimatch": {
          "version": "3.0.4",
          "bundled": true,
          "requires": {
            "brace-expansion": "^1.1.7"
          }
        }
      }
    },
    "@aws-cdk/custom-resources": {
      "version": "1.38.0",
      "resolved": "https://registry.npmjs.org/@aws-cdk/custom-resources/-/custom-resources-1.38.0.tgz",
      "integrity": "sha512-KX+fUlir+WNNTJoOJzgRCJmYiWfF47BmHnkEZIXjo/y7cCWZxDTXKguqIrU8SAtCrue5xklgD8FS/G37CTMIzA==",
      "requires": {
        "@aws-cdk/aws-cloudformation": "1.38.0",
        "@aws-cdk/aws-iam": "1.38.0",
        "@aws-cdk/aws-lambda": "1.38.0",
        "@aws-cdk/aws-logs": "1.38.0",
        "@aws-cdk/aws-sns": "1.38.0",
        "@aws-cdk/core": "1.38.0",
        "constructs": "^3.0.2"
      }
    },
    "@aws-cdk/cx-api": {
      "version": "1.38.0",
      "resolved": "https://registry.npmjs.org/@aws-cdk/cx-api/-/cx-api-1.38.0.tgz",
      "integrity": "sha512-zetrdm3NCoRsRafRTKxIJut84oIQT72D9j3CYUDRH4w0xg77piChI0BlW6O85JvkRkba/pUoOBWHFLYqRC7agw==",
      "requires": {
        "@aws-cdk/cloud-assembly-schema": "1.38.0",
        "semver": "^7.2.2"
      },
      "dependencies": {
        "semver": {
          "version": "7.3.2",
          "bundled": true
        }
      }
    },
    "@aws-cdk/region-info": {
      "version": "1.38.0",
      "resolved": "https://registry.npmjs.org/@aws-cdk/region-info/-/region-info-1.38.0.tgz",
      "integrity": "sha512-xBCMIGH4KsWY3ohKHOLli9dnCw/DLKvtaU+FvqKiVCsc7ZIR/o/9G9JqfZ+1pG1BGSRGE7urINQB0YZwtaM0xg=="
    },
    "@babel/runtime": {
      "version": "7.9.6",
      "resolved": "https://registry.npmjs.org/@babel/runtime/-/runtime-7.9.6.tgz",
      "integrity": "sha512-64AF1xY3OAkFHqOb9s4jpgk1Mm5vDZ4L3acHvAml+53nO1XbXLuDodsVpO4OIUsmemlUHMxNdYMNJmsvOwLrvQ==",
      "requires": {
        "regenerator-runtime": "^0.13.4"
      }
    },
    "@redux-offline/redux-offline": {
      "version": "2.5.2",
      "resolved": "https://registry.npmjs.org/@redux-offline/redux-offline/-/redux-offline-2.5.2.tgz",
      "integrity": "sha512-z/YJg/Ajr2bQXZUQZ5xlNixcG3d9AmH6MRQmYT/NxzPn7CI6bCfdrAd4BVzdUdqQ5ce7/CMftKXmNDlsjARdhA==",
      "requires": {
        "@babel/runtime": "^7.5.5",
        "redux-persist": "^4.6.0"
      }
    },
    "@types/async": {
      "version": "2.0.50",
      "resolved": "https://registry.npmjs.org/@types/async/-/async-2.0.50.tgz",
      "integrity": "sha512-VMhZMMQgV1zsR+lX/0IBfAk+8Eb7dPVMWiQGFAt3qjo5x7Ml6b77jUo0e1C3ToD+XRDXqtrfw+6AB0uUsPEr3Q==",
      "optional": true
    },
    "@types/node": {
      "version": "10.17.21",
      "resolved": "https://registry.npmjs.org/@types/node/-/node-10.17.21.tgz",
      "integrity": "sha512-PQKsydPxYxF1DsAFWmunaxd3sOi3iMt6Zmx/tgaagHYmwJ/9cRH91hQkeJZaUGWbvn0K5HlSVEXkn5U/llWPpQ==",
      "dev": true
    },
    "@types/zen-observable": {
      "version": "0.8.0",
      "resolved": "https://registry.npmjs.org/@types/zen-observable/-/zen-observable-0.8.0.tgz",
      "integrity": "sha512-te5lMAWii1uEJ4FwLjzdlbw3+n0FZNOvFXHxQDKeT0dilh7HOzdMzV2TrJVUzq8ep7J4Na8OUYPRLSQkJHAlrg=="
    },
    "@wry/equality": {
      "version": "0.1.11",
      "resolved": "https://registry.npmjs.org/@wry/equality/-/equality-0.1.11.tgz",
      "integrity": "sha512-mwEVBDUVODlsQQ5dfuLUS5/Tf7jqUKyhKYHmVi4fPB6bDMOfWvUPJmKgS1Z7Za/sOI3vzWt4+O7yCiL/70MogA==",
      "requires": {
        "tslib": "^1.9.3"
      }
    },
    "apollo-cache": {
      "version": "1.3.4",
      "resolved": "https://registry.npmjs.org/apollo-cache/-/apollo-cache-1.3.4.tgz",
      "integrity": "sha512-7X5aGbqaOWYG+SSkCzJNHTz2ZKDcyRwtmvW4mGVLRqdQs+HxfXS4dUS2CcwrAj449se6tZ6NLUMnjko4KMt3KA==",
      "requires": {
        "apollo-utilities": "^1.3.3",
        "tslib": "^1.10.0"
      }
    },
    "apollo-cache-inmemory": {
      "version": "1.3.12",
      "resolved": "https://registry.npmjs.org/apollo-cache-inmemory/-/apollo-cache-inmemory-1.3.12.tgz",
      "integrity": "sha512-jxWcW64QoYQZ09UH6v3syvCCl3MWr6bsxT3wYYL6ORi8svdJUpnNrHTcv5qXqJYVg/a+NHhfEt+eGjJUG2ytXA==",
      "requires": {
        "apollo-cache": "^1.1.22",
        "apollo-utilities": "^1.0.27",
        "optimism": "^0.6.8"
      }
    },
    "apollo-client": {
      "version": "2.4.6",
      "resolved": "https://registry.npmjs.org/apollo-client/-/apollo-client-2.4.6.tgz",
      "integrity": "sha512-RsZVMYone7mu3Wj4sr7ehctN8pdaHsP4X1Sv6Ly4gZ/YDetCCVnhbmnk5q7kvDtfoo0jhhHblxgFyA3FLLImtA==",
      "requires": {
        "@types/async": "2.0.50",
        "@types/zen-observable": "^0.8.0",
        "apollo-cache": "1.1.20",
        "apollo-link": "^1.0.0",
        "apollo-link-dedup": "^1.0.0",
        "apollo-utilities": "1.0.25",
        "symbol-observable": "^1.0.2",
        "zen-observable": "^0.8.0"
      },
      "dependencies": {
        "apollo-cache": {
          "version": "1.1.20",
          "resolved": "https://registry.npmjs.org/apollo-cache/-/apollo-cache-1.1.20.tgz",
          "integrity": "sha512-+Du0/4kUSuf5PjPx0+pvgMGV12ezbHA8/hubYuqRQoy/4AWb4faa61CgJNI6cKz2mhDd9m94VTNKTX11NntwkQ==",
          "requires": {
            "apollo-utilities": "^1.0.25"
          }
        },
        "apollo-utilities": {
          "version": "1.0.25",
          "resolved": "https://registry.npmjs.org/apollo-utilities/-/apollo-utilities-1.0.25.tgz",
          "integrity": "sha512-AXvqkhni3Ir1ffm4SA1QzXn8k8I5BBl4PVKEyak734i4jFdp+xgfUyi2VCqF64TJlFTA/B73TRDUvO2D+tKtZg==",
          "requires": {
            "fast-json-stable-stringify": "^2.0.0"
          }
        }
      }
    },
    "apollo-link": {
      "version": "1.2.3",
      "resolved": "https://registry.npmjs.org/apollo-link/-/apollo-link-1.2.3.tgz",
      "integrity": "sha512-iL9yS2OfxYhigme5bpTbmRyC+Htt6tyo2fRMHT3K1XRL/C5IQDDz37OjpPy4ndx7WInSvfSZaaOTKFja9VWqSw==",
      "requires": {
        "apollo-utilities": "^1.0.0",
        "zen-observable-ts": "^0.8.10"
      }
    },
    "apollo-link-context": {
      "version": "1.0.9",
      "resolved": "https://registry.npmjs.org/apollo-link-context/-/apollo-link-context-1.0.9.tgz",
      "integrity": "sha512-gcC1WH7mTyNtS0bF4fPijepXqnERwZjm1JCkuOT6ADBTpDTXIqK+Ec+/QkVawDO26EV9OX5ujWe4kI1qC6T6tA==",
      "requires": {
        "apollo-link": "^1.2.3"
      }
    },
    "apollo-link-dedup": {
      "version": "1.0.21",
      "resolved": "https://registry.npmjs.org/apollo-link-dedup/-/apollo-link-dedup-1.0.21.tgz",
      "integrity": "sha512-r+mbfzMxj6m+oSKoNJTrTOTWbG4ysGscBla6ibdyvq/leLiroQw8HP9TtWRxVDtNlfkExEC548fUxr3LUgVssw==",
      "requires": {
        "apollo-link": "^1.2.14",
        "tslib": "^1.9.3"
      },
      "dependencies": {
        "apollo-link": {
          "version": "1.2.14",
          "resolved": "https://registry.npmjs.org/apollo-link/-/apollo-link-1.2.14.tgz",
          "integrity": "sha512-p67CMEFP7kOG1JZ0ZkYZwRDa369w5PIjtMjvrQd/HnIV8FRsHRqLqK+oAZQnFa1DDdZtOtHTi+aMIW6EatC2jg==",
          "requires": {
            "apollo-utilities": "^1.3.0",
            "ts-invariant": "^0.4.0",
            "tslib": "^1.9.3",
            "zen-observable-ts": "^0.8.21"
          }
        }
      }
    },
    "apollo-link-http": {
      "version": "1.3.1",
      "resolved": "https://registry.npmjs.org/apollo-link-http/-/apollo-link-http-1.3.1.tgz",
      "integrity": "sha512-41L2NA49h8FGaKlQSnQbSrMkO0XHfxGD4fqkLve12OWmqCJaoGb/5Qn+OFiAZm/E8e/MiMJ+6+4Agutw6REu2g==",
      "requires": {
        "apollo-link": "^1.0.6"
      }
    },
    "apollo-link-retry": {
      "version": "2.2.5",
      "resolved": "https://registry.npmjs.org/apollo-link-retry/-/apollo-link-retry-2.2.5.tgz",
      "integrity": "sha512-DZUyTVDBH5toiqtgJxM955wnXVXeRDRkXrFOEUvXsXyEJ0Bb9ej5YfrdJBPyQL2vB6yP/1l8nEFR1ivV88ivgw==",
      "requires": {
        "@types/zen-observable": "0.8.0",
        "apollo-link": "^1.2.3"
      }
    },
    "apollo-utilities": {
      "version": "1.3.3",
      "resolved": "https://registry.npmjs.org/apollo-utilities/-/apollo-utilities-1.3.3.tgz",
      "integrity": "sha512-F14aX2R/fKNYMvhuP2t9GD9fggID7zp5I96MF5QeKYWDWTrkRdHRp4+SVfXUVN+cXOaB/IebfvRtzPf25CM0zw==",
      "requires": {
        "@wry/equality": "^0.1.2",
        "fast-json-stable-stringify": "^2.0.0",
        "ts-invariant": "^0.4.0",
        "tslib": "^1.10.0"
      }
    },
    "aws-appsync": {
      "version": "3.0.2",
      "resolved": "https://registry.npmjs.org/aws-appsync/-/aws-appsync-3.0.2.tgz",
      "integrity": "sha512-gGifzZ8EcEnxdyo4n+d0BTsTL8m0MWaV9xT3YUv+ni1czt3Hgw2gpD+LUEvVhF1w2F2Af7nlrR1LQHMZFb4dIQ==",
      "requires": {
        "@redux-offline/redux-offline": "2.5.2-native.0",
        "apollo-cache-inmemory": "1.3.12",
        "apollo-client": "2.4.6",
        "apollo-link": "1.2.3",
        "apollo-link-context": "1.0.9",
        "apollo-link-http": "1.3.1",
        "apollo-link-retry": "2.2.5",
        "aws-appsync-auth-link": "^2.0.1",
        "aws-appsync-subscription-link": "^2.0.1",
        "aws-sdk": "2.518.0",
        "debug": "2.6.9",
        "graphql": "0.13.0",
        "redux": "^3.7.2",
        "redux-thunk": "^2.2.0",
        "setimmediate": "^1.0.5",
        "url": "^0.11.0",
        "uuid": "3.x"
      },
      "dependencies": {
        "@redux-offline/redux-offline": {
          "version": "2.5.2-native.0",
          "resolved": "https://registry.npmjs.org/@redux-offline/redux-offline/-/redux-offline-2.5.2-native.0.tgz",
          "integrity": "sha512-ZRH1E0oz9VAnfBZJsyH8O2D3tjQOd0Yz/piPmRsbE1wuoUb+eVM9SZNQetIdJvqmiNs1n3VDfcEeADEbT2dhyg==",
          "requires": {
            "@babel/runtime": "^7.5.5",
            "redux-persist": "^4.6.0"
          }
        },
        "apollo-link": {
          "version": "1.2.3",
          "resolved": "https://registry.npmjs.org/apollo-link/-/apollo-link-1.2.3.tgz",
          "integrity": "sha512-iL9yS2OfxYhigme5bpTbmRyC+Htt6tyo2fRMHT3K1XRL/C5IQDDz37OjpPy4ndx7WInSvfSZaaOTKFja9VWqSw==",
          "requires": {
            "apollo-utilities": "^1.0.0",
            "zen-observable-ts": "^0.8.10"
          }
        },
        "aws-sdk": {
          "version": "2.518.0",
          "resolved": "https://registry.npmjs.org/aws-sdk/-/aws-sdk-2.518.0.tgz",
          "integrity": "sha512-hwtKKf93TFyd3qugDW54ElpkUXhPe+ArPIHadre6IAFjCJiv08L8DaZKLRyclDnKfTavKe+f/PhdSEYo1QUHiA==",
          "requires": {
            "buffer": "4.9.1",
            "events": "1.1.1",
            "ieee754": "1.1.8",
            "jmespath": "0.15.0",
            "querystring": "0.2.0",
            "sax": "1.2.1",
            "url": "0.10.3",
            "uuid": "3.3.2",
            "xml2js": "0.4.19"
          },
          "dependencies": {
            "url": {
              "version": "0.10.3",
              "resolved": "https://registry.npmjs.org/url/-/url-0.10.3.tgz",
              "integrity": "sha1-Ah5NnHcF8hu/N9A861h2dAJ3TGQ=",
              "requires": {
                "punycode": "1.3.2",
                "querystring": "0.2.0"
              }
            },
            "uuid": {
              "version": "3.3.2",
              "resolved": "https://registry.npmjs.org/uuid/-/uuid-3.3.2.tgz",
              "integrity": "sha512-yXJmeNaw3DnnKAOKJE51sL/ZaYfWJRl1pK9dr19YFCu0ObS231AB1/LbqTKRAQ5kw8A90rA6fr4riOUpTZvQZA=="
            }
          }
        },
        "graphql": {
          "version": "0.13.0",
          "resolved": "https://registry.npmjs.org/graphql/-/graphql-0.13.0.tgz",
          "integrity": "sha512-WlO+ZJT9aY3YrBT+H5Kk+eVb3OVVehB9iRD/xqeHdmrrn4AFl5FIcOpfHz/vnBr6Y6JthGMlnFqU8XRnDjSR7A==",
          "requires": {
            "iterall": "1.1.x"
          }
        },
        "ieee754": {
          "version": "1.1.8",
          "resolved": "https://registry.npmjs.org/ieee754/-/ieee754-1.1.8.tgz",
          "integrity": "sha1-vjPUCsEO8ZJnAfbwii2G+/0a0+Q="
        }
      }
    },
    "aws-appsync-auth-link": {
      "version": "2.0.1",
      "resolved": "https://registry.npmjs.org/aws-appsync-auth-link/-/aws-appsync-auth-link-2.0.1.tgz",
      "integrity": "sha512-2pYvkcmyfXlutWWUMqwmMtJwhzV+yuznaXFfcjIUP9mv89HdjbyohZsXOVLXWY6PXTBYt/OOpdiSiM/Krdf7yg==",
      "requires": {
        "apollo-link": "^1.2.3",
        "aws-sdk": "^2.518.0",
        "debug": "2.6.9"
      }
    },
    "aws-appsync-subscription-link": {
      "version": "2.1.0",
      "resolved": "https://registry.npmjs.org/aws-appsync-subscription-link/-/aws-appsync-subscription-link-2.1.0.tgz",
      "integrity": "sha512-BQ2eKHwkVB3aw5G6QB5BVW3sXVthQ0ZugTfMkijfNmKMxeXRWEZE7O+HKs/1TeCtGYwRW4pRBdly2pA1vbQlEQ==",
      "requires": {
        "apollo-link": "^1.2.3",
        "apollo-link-context": "^1.0.9",
        "apollo-link-http": "^1.3.1",
        "apollo-link-retry": "^2.2.5",
        "aws-appsync-auth-link": "^2.0.2",
        "debug": "2.6.9",
        "url": "^0.11.0"
      },
      "dependencies": {
        "aws-appsync-auth-link": {
          "version": "2.0.2",
          "resolved": "https://registry.npmjs.org/aws-appsync-auth-link/-/aws-appsync-auth-link-2.0.2.tgz",
          "integrity": "sha512-wwIwc/UIFkqB1L8VHez1DvWtUZAKfS8mtTbp4aCwH4G1bXBC3eMUfrPEq80un3/wENPCl1byFeoT20jBifEIWA==",
          "requires": {
            "apollo-link": "^1.2.3",
            "aws-sdk": "^2.518.0",
            "debug": "2.6.9"
          }
        }
      }
    },
    "aws-sdk": {
      "version": "2.672.0",
      "resolved": "https://registry.npmjs.org/aws-sdk/-/aws-sdk-2.672.0.tgz",
      "integrity": "sha512-ANxBUPTx5KvNX4OJhIkGT6IoNhBPuh63YvAGuf6tV55MsXNNpZXWuPtvIHxst+M5GrQFA2qDpfcuENzC3OzumQ==",
      "requires": {
        "buffer": "4.9.1",
        "events": "1.1.1",
        "ieee754": "1.1.13",
        "jmespath": "0.15.0",
        "querystring": "0.2.0",
        "sax": "1.2.1",
        "url": "0.10.3",
        "uuid": "3.3.2",
        "xml2js": "0.4.19"
      },
      "dependencies": {
        "url": {
          "version": "0.10.3",
          "resolved": "https://registry.npmjs.org/url/-/url-0.10.3.tgz",
          "integrity": "sha1-Ah5NnHcF8hu/N9A861h2dAJ3TGQ=",
          "requires": {
            "punycode": "1.3.2",
            "querystring": "0.2.0"
          }
        },
        "uuid": {
          "version": "3.3.2",
          "resolved": "https://registry.npmjs.org/uuid/-/uuid-3.3.2.tgz",
          "integrity": "sha512-yXJmeNaw3DnnKAOKJE51sL/ZaYfWJRl1pK9dr19YFCu0ObS231AB1/LbqTKRAQ5kw8A90rA6fr4riOUpTZvQZA=="
        }
      }
    },
    "base64-js": {
      "version": "1.3.1",
      "resolved": "https://registry.npmjs.org/base64-js/-/base64-js-1.3.1.tgz",
      "integrity": "sha512-mLQ4i2QO1ytvGWFWmcngKO//JXAQueZvwEKtjgQFM4jIK0kU+ytMfplL8j+n5mspOfjHwoAg+9yhb7BwAHm36g=="
    },
    "buffer": {
      "version": "4.9.1",
      "resolved": "https://registry.npmjs.org/buffer/-/buffer-4.9.1.tgz",
      "integrity": "sha1-bRu2AbB6TvztlwlBMgkwJ8lbwpg=",
      "requires": {
        "base64-js": "^1.0.2",
        "ieee754": "^1.1.4",
        "isarray": "^1.0.0"
      }
    },
    "constructs": {
      "version": "3.0.3",
      "resolved": "https://registry.npmjs.org/constructs/-/constructs-3.0.3.tgz",
      "integrity": "sha512-JrYLpTlz92Un1jxkwoGiOiGoDjzIWtxo64sLC5FD4mQN1H9mAqZNvgxWYWaJIiWUXNkl5L5sO3GFf6peTj7UMQ=="
    },
    "debug": {
      "version": "2.6.9",
      "resolved": "https://registry.npmjs.org/debug/-/debug-2.6.9.tgz",
      "integrity": "sha512-bC7ElrdJaJnPbAP+1EotYvqZsb3ecl5wi6Bfi6BJTUcNowp6cvspg0jXznRTKDjm/E7AdgFBVeAPVMNcKGsHMA==",
      "requires": {
        "ms": "2.0.0"
      }
    },
    "events": {
      "version": "1.1.1",
      "resolved": "https://registry.npmjs.org/events/-/events-1.1.1.tgz",
      "integrity": "sha1-nr23Y1rQmccNzEwqH1AEKI6L2SQ="
    },
    "fast-json-stable-stringify": {
      "version": "2.1.0",
      "resolved": "https://registry.npmjs.org/fast-json-stable-stringify/-/fast-json-stable-stringify-2.1.0.tgz",
      "integrity": "sha512-lhd/wF+Lk98HZoTCtlVraHtfh5XYijIjalXck7saUtuanSDyLMxnHhSXEDJqHxD7msR8D0uCmqlkwjCV8xvwHw=="
    },
    "graphql": {
      "version": "15.0.0",
      "resolved": "https://registry.npmjs.org/graphql/-/graphql-15.0.0.tgz",
      "integrity": "sha512-ZyVO1xIF9F+4cxfkdhOJINM+51B06Friuv4M66W7HzUOeFd+vNzUn4vtswYINPi6sysjf1M2Ri/rwZALqgwbaQ=="
    },
    "graphql-tag": {
      "version": "2.10.3",
      "resolved": "https://registry.npmjs.org/graphql-tag/-/graphql-tag-2.10.3.tgz",
      "integrity": "sha512-4FOv3ZKfA4WdOKJeHdz6B3F/vxBLSgmBcGeAFPf4n1F64ltJUvOOerNj0rsJxONQGdhUMynQIvd6LzB+1J5oKA=="
    },
    "ieee754": {
      "version": "1.1.13",
      "resolved": "https://registry.npmjs.org/ieee754/-/ieee754-1.1.13.tgz",
      "integrity": "sha512-4vf7I2LYV/HaWerSo3XmlMkp5eZ83i+/CDluXi/IGTs/O1sejBNhTtnxzmRZfvOUqj7lZjqHkeTvpgSFDlWZTg=="
    },
    "immutable-tuple": {
      "version": "0.4.10",
      "resolved": "https://registry.npmjs.org/immutable-tuple/-/immutable-tuple-0.4.10.tgz",
      "integrity": "sha512-45jheDbc3Kr5Cw8EtDD+4woGRUV0utIrJBZT8XH0TPZRfm8tzT0/sLGGzyyCCFqFMG5Pv5Igf3WY/arn6+8V9Q=="
    },
    "isarray": {
      "version": "1.0.0",
      "resolved": "https://registry.npmjs.org/isarray/-/isarray-1.0.0.tgz",
      "integrity": "sha1-u5NdSFgsuhaMBoNJV6VKPgcSTxE="
    },
    "iterall": {
      "version": "1.1.4",
      "resolved": "https://registry.npmjs.org/iterall/-/iterall-1.1.4.tgz",
      "integrity": "sha512-eaDsM/PY8D/X5mYQhecVc5/9xvSHED7yPON+ffQroBeTuqUVm7dfphMkK8NksXuImqZlVRoKtrNfMIVCYIqaUQ=="
    },
    "jmespath": {
      "version": "0.15.0",
      "resolved": "https://registry.npmjs.org/jmespath/-/jmespath-0.15.0.tgz",
      "integrity": "sha1-o/Iiqarp+Wb10nx5ZRDigJF2Qhc="
    },
    "js-tokens": {
      "version": "4.0.0",
      "resolved": "https://registry.npmjs.org/js-tokens/-/js-tokens-4.0.0.tgz",
      "integrity": "sha512-RdJUflcE3cUzKiMqQgsCu06FPu9UdIJO0beYbPhHN4k6apgJtifcoCtT9bcxOpYBtpD2kCM6Sbzg4CausW/PKQ=="
    },
    "json-stringify-safe": {
      "version": "5.0.1",
      "resolved": "https://registry.npmjs.org/json-stringify-safe/-/json-stringify-safe-5.0.1.tgz",
      "integrity": "sha1-Epai1Y/UXxmg9s4B1lcB4sc1tus="
    },
    "lodash": {
      "version": "4.17.21",
      "resolved": "https://registry.npmjs.org/lodash/-/lodash-4.17.21.tgz",
      "integrity": "sha512-v2kDEe57lecTulaDIuNTPy3Ry4gLGJ6Z1O3vE1krgXZNrsQ+LFTGHVxVjcXPs17LhbZVGedAJv8XZ1tvj5FvSg=="
    },
    "lodash-es": {
      "version": "4.17.15",
      "resolved": "https://registry.npmjs.org/lodash-es/-/lodash-es-4.17.15.tgz",
      "integrity": "sha512-rlrc3yU3+JNOpZ9zj5pQtxnx2THmvRykwL4Xlxoa8I9lHBlVbbyPhgyPMioxVZ4NqyxaVVtaJnzsyOidQIhyyQ=="
    },
    "loose-envify": {
      "version": "1.4.0",
      "resolved": "https://registry.npmjs.org/loose-envify/-/loose-envify-1.4.0.tgz",
      "integrity": "sha512-lyuxPGr/Wfhrlem2CL/UcnUc1zcqKAImBDzukY7Y5F/yQiNdko6+fRLevlw1HgMySw7f611UIY408EtxRSoK3Q==",
      "requires": {
        "js-tokens": "^3.0.0 || ^4.0.0"
      }
    },
    "ms": {
      "version": "2.0.0",
      "resolved": "https://registry.npmjs.org/ms/-/ms-2.0.0.tgz",
      "integrity": "sha1-VgiurfwAvmwpAd9fmGF4jeDVl8g="
    },
    "optimism": {
      "version": "0.6.9",
      "resolved": "https://registry.npmjs.org/optimism/-/optimism-0.6.9.tgz",
      "integrity": "sha512-xoQm2lvXbCA9Kd7SCx6y713Y7sZ6fUc5R6VYpoL5M6svKJbTuvtNopexK8sO8K4s0EOUYHuPN2+yAEsNyRggkQ==",
      "requires": {
        "immutable-tuple": "^0.4.9"
      }
    },
    "punycode": {
      "version": "1.3.2",
      "resolved": "https://registry.npmjs.org/punycode/-/punycode-1.3.2.tgz",
      "integrity": "sha1-llOgNvt8HuQjQvIyXM7v6jkmxI0="
    },
    "querystring": {
      "version": "0.2.0",
      "resolved": "https://registry.npmjs.org/querystring/-/querystring-0.2.0.tgz",
      "integrity": "sha1-sgmEkgO7Jd+CDadW50cAWHhSFiA="
    },
    "redux": {
      "version": "3.7.2",
      "resolved": "https://registry.npmjs.org/redux/-/redux-3.7.2.tgz",
      "integrity": "sha512-pNqnf9q1hI5HHZRBkj3bAngGZW/JMCmexDlOxw4XagXY2o1327nHH54LoTjiPJ0gizoqPDRqWyX/00g0hD6w+A==",
      "requires": {
        "lodash": "^4.2.1",
        "lodash-es": "^4.2.1",
        "loose-envify": "^1.1.0",
        "symbol-observable": "^1.0.3"
      }
    },
    "redux-persist": {
      "version": "4.10.2",
      "resolved": "https://registry.npmjs.org/redux-persist/-/redux-persist-4.10.2.tgz",
      "integrity": "sha512-U+e0ieMGC69Zr72929iJW40dEld7Mflh6mu0eJtVMLGfMq/aJqjxUM1hzyUWMR1VUyAEEdPHuQmeq5ti9krIgg==",
      "requires": {
        "json-stringify-safe": "^5.0.1",
        "lodash": "^4.17.4",
        "lodash-es": "^4.17.4"
      }
    },
    "redux-thunk": {
      "version": "2.3.0",
      "resolved": "https://registry.npmjs.org/redux-thunk/-/redux-thunk-2.3.0.tgz",
      "integrity": "sha512-km6dclyFnmcvxhAcrQV2AkZmPQjzPDjgVlQtR0EQjxZPyJ0BnMf3in1ryuR8A2qU0HldVRfxYXbFSKlI3N7Slw=="
    },
    "regenerator-runtime": {
      "version": "0.13.5",
      "resolved": "https://registry.npmjs.org/regenerator-runtime/-/regenerator-runtime-0.13.5.tgz",
      "integrity": "sha512-ZS5w8CpKFinUzOwW3c83oPeVXoNsrLsaCoLtJvAClH135j/R77RuymhiSErhm2lKcwSCIpmvIWSbDkIfAqKQlA=="
    },
    "sax": {
      "version": "1.2.1",
      "resolved": "https://registry.npmjs.org/sax/-/sax-1.2.1.tgz",
      "integrity": "sha1-e45lYZCyKOgaZq6nSEgNgozS03o="
    },
    "setimmediate": {
      "version": "1.0.5",
      "resolved": "https://registry.npmjs.org/setimmediate/-/setimmediate-1.0.5.tgz",
      "integrity": "sha1-KQy7Iy4waULX1+qbg3Mqt4VvgoU="
    },
    "symbol-observable": {
      "version": "1.2.0",
      "resolved": "https://registry.npmjs.org/symbol-observable/-/symbol-observable-1.2.0.tgz",
      "integrity": "sha512-e900nM8RRtGhlV36KGEU9k65K3mPb1WV70OdjfxlG2EAuM1noi/E/BaW/uMhL7bPEssK8QV57vN3esixjUvcXQ=="
    },
    "ts-invariant": {
      "version": "0.4.4",
      "resolved": "https://registry.npmjs.org/ts-invariant/-/ts-invariant-0.4.4.tgz",
      "integrity": "sha512-uEtWkFM/sdZvRNNDL3Ehu4WVpwaulhwQszV8mrtcdeE8nN00BV9mAmQ88RkrBhFgl9gMgvjJLAQcZbnPXI9mlA==",
      "requires": {
        "tslib": "^1.9.3"
      }
    },
    "tslib": {
      "version": "1.11.2",
      "resolved": "https://registry.npmjs.org/tslib/-/tslib-1.11.2.tgz",
      "integrity": "sha512-tTSkux6IGPnUGUd1XAZHcpu85MOkIl5zX49pO+jfsie3eP0B6pyhOlLXm3cAC6T7s+euSDDUUV+Acop5WmtkVg=="
    },
    "typescript": {
      "version": "3.7.5",
      "resolved": "https://registry.npmjs.org/typescript/-/typescript-3.7.5.tgz",
      "integrity": "sha512-/P5lkRXkWHNAbcJIiHPfRoKqyd7bsyCma1hZNUGfn20qm64T6ZBlrzprymeu918H+mB/0rIg2gGK/BXkhhYgBw==",
      "dev": true
    },
    "url": {
      "version": "0.11.0",
      "resolved": "https://registry.npmjs.org/url/-/url-0.11.0.tgz",
      "integrity": "sha1-ODjpfPxgUh63PFJajlW/3Z4uKPE=",
      "requires": {
        "punycode": "1.3.2",
        "querystring": "0.2.0"
      }
    },
    "uuid": {
      "version": "3.4.0",
      "resolved": "https://registry.npmjs.org/uuid/-/uuid-3.4.0.tgz",
      "integrity": "sha512-HjSDRw6gZE5JMggctHBcjVak08+KEVhSIiDzFnT9S9aegmp85S/bReBVTb4QTFaRNptJ9kuYaNhnbNEOkbKb/A=="
    },
    "xml2js": {
      "version": "0.4.19",
      "resolved": "https://registry.npmjs.org/xml2js/-/xml2js-0.4.19.tgz",
      "integrity": "sha512-esZnJZJOiJR9wWKMyuvSE1y6Dq5LCuJanqhxslH2bxM6duahNZ+HMpCLhBQGZkbX6xRf8x1Y2eJlgt2q3qo49Q==",
      "requires": {
        "sax": ">=0.6.0",
        "xmlbuilder": "~9.0.1"
      }
    },
    "xmlbuilder": {
      "version": "9.0.7",
      "resolved": "https://registry.npmjs.org/xmlbuilder/-/xmlbuilder-9.0.7.tgz",
      "integrity": "sha1-Ey7mPS7FVlxVfiD0wi35rKaGsQ0="
    },
    "zen-observable": {
      "version": "0.8.15",
      "resolved": "https://registry.npmjs.org/zen-observable/-/zen-observable-0.8.15.tgz",
      "integrity": "sha512-PQ2PC7R9rslx84ndNBZB/Dkv8V8fZEpk83RLgXtYd0fwUgEjseMn1Dgajh2x6S8QbZAFa9p2qVCEuYZNgve0dQ=="
    },
    "zen-observable-ts": {
      "version": "0.8.21",
      "resolved": "https://registry.npmjs.org/zen-observable-ts/-/zen-observable-ts-0.8.21.tgz",
      "integrity": "sha512-Yj3yXweRc8LdRMrCC8nIc4kkjWecPAUVh0TI0OUrWXx6aX790vLcDlWca6I4vsyCGH3LpWxq0dJRcMOFoVqmeg==",
      "requires": {
        "tslib": "^1.9.3",
        "zen-observable": "^0.8.0"
      }
    }
  }
}
