{
  "name": "appsync-graphql-dynamodb",
  "version": "1.0.0",
  "lockfileVersion": 1,
  "requires": true,
  "dependencies": {
    "@aws-cdk/assets": {
      "version": "1.37.0",
      "resolved": "https://registry.npmjs.org/@aws-cdk/assets/-/assets-1.37.0.tgz",
      "integrity": "sha512-S1eX38zH9vHRpytjAugWDlf/rVB5BMo6ev+R/Nnpi0pQTM0Sdat2Q0Op+3+4lI6UJTA063JW8dyzwr0RIYPxLA==",
      "requires": {
        "@aws-cdk/core": "1.37.0",
        "@aws-cdk/cx-api": "1.37.0",
        "constructs": "^3.0.2"
      }
    },
    "@aws-cdk/aws-applicationautoscaling": {
      "version": "1.37.0",
      "resolved": "https://registry.npmjs.org/@aws-cdk/aws-applicationautoscaling/-/aws-applicationautoscaling-1.37.0.tgz",
      "integrity": "sha512-6i7Xcu/r52zqdnZwagvWOYkxgw9+T+4ZM2e55+RPw2Eh2D2WMPj5qmfMEuej2DQOQ+LHTB2DqnlNS+sSpEXmeg==",
      "requires": {
        "@aws-cdk/aws-autoscaling-common": "1.37.0",
        "@aws-cdk/aws-cloudwatch": "1.37.0",
        "@aws-cdk/aws-iam": "1.37.0",
        "@aws-cdk/core": "1.37.0",
        "constructs": "^3.0.2"
      }
    },
    "@aws-cdk/aws-appsync": {
      "version": "1.37.0",
      "resolved": "https://registry.npmjs.org/@aws-cdk/aws-appsync/-/aws-appsync-1.37.0.tgz",
      "integrity": "sha512-xvRAJsSuRXb0SM3k/rZn6bfexHIY0sM31BsMTcVhVhVy3oF6zKRhqhPvWTkgJ0a5dktzXObbnovNCNYkHhmbdQ==",
      "requires": {
        "@aws-cdk/aws-cognito": "1.37.0",
        "@aws-cdk/aws-dynamodb": "1.37.0",
        "@aws-cdk/aws-iam": "1.37.0",
        "@aws-cdk/aws-lambda": "1.37.0",
        "@aws-cdk/core": "1.37.0",
        "constructs": "^3.0.2"
      }
    },
    "@aws-cdk/aws-autoscaling-common": {
      "version": "1.37.0",
      "resolved": "https://registry.npmjs.org/@aws-cdk/aws-autoscaling-common/-/aws-autoscaling-common-1.37.0.tgz",
      "integrity": "sha512-HRIW5aLjhgHorVn6liPO6F5nB1JL8FZY9tf/w8dbLNZmaLuC56OJ9ZttVi3SzZIkMSMvhYTDukYZXukmTiH0rQ==",
      "requires": {
        "@aws-cdk/aws-iam": "1.37.0",
        "@aws-cdk/core": "1.37.0",
        "constructs": "^3.0.2"
      }
    },
    "@aws-cdk/aws-certificatemanager": {
      "version": "1.37.0",
      "resolved": "https://registry.npmjs.org/@aws-cdk/aws-certificatemanager/-/aws-certificatemanager-1.37.0.tgz",
      "integrity": "sha512-vqyEoNVRT4e2kJ1nkuwQD+nwC3dqLpzNGJUbPeRGEcllCO0VJzLeWRvm4r7mMHamDTt4yZqpWZjUb9MD59rhkg==",
      "requires": {
        "@aws-cdk/aws-iam": "1.37.0",
        "@aws-cdk/aws-lambda": "1.37.0",
        "@aws-cdk/aws-route53": "1.37.0",
        "@aws-cdk/core": "1.37.0",
        "constructs": "^3.0.2"
      }
    },
    "@aws-cdk/aws-cloudformation": {
      "version": "1.37.0",
      "resolved": "https://registry.npmjs.org/@aws-cdk/aws-cloudformation/-/aws-cloudformation-1.37.0.tgz",
      "integrity": "sha512-6FNkdp6KRxDmErU7y9/7aVUz3uauFBS0jjMEj/hMTIG/Hjlcz5XMxfq4YsLccKndGcHH5K3OVfoMxjO5VofCoA==",
      "requires": {
        "@aws-cdk/aws-iam": "1.37.0",
        "@aws-cdk/aws-lambda": "1.37.0",
        "@aws-cdk/aws-s3": "1.37.0",
        "@aws-cdk/aws-sns": "1.37.0",
        "@aws-cdk/core": "1.37.0",
        "@aws-cdk/cx-api": "1.37.0",
        "constructs": "^3.0.2"
      }
    },
    "@aws-cdk/aws-cloudwatch": {
      "version": "1.37.0",
      "resolved": "https://registry.npmjs.org/@aws-cdk/aws-cloudwatch/-/aws-cloudwatch-1.37.0.tgz",
      "integrity": "sha512-MohLNhq/z+e4ZFEUtX+Y2g+jfXF3jlAFvQLIdDLdRVHiIMF3hKQfHth0HlLzQuNKo3cZviiLOY+NJhIYy4JJJQ==",
      "requires": {
        "@aws-cdk/aws-iam": "1.37.0",
        "@aws-cdk/core": "1.37.0",
        "constructs": "^3.0.2"
      }
    },
    "@aws-cdk/aws-cognito": {
      "version": "1.37.0",
      "resolved": "https://registry.npmjs.org/@aws-cdk/aws-cognito/-/aws-cognito-1.37.0.tgz",
      "integrity": "sha512-7zeVoCHFbm4FyYsB1AdNT9mLZIHoxGntYy4AS66GZbZ6fM8wq9daWWHrf/UJJf1ogiDu9h52SORrivngF3hhqQ==",
      "requires": {
        "@aws-cdk/aws-certificatemanager": "1.37.0",
        "@aws-cdk/aws-iam": "1.37.0",
        "@aws-cdk/aws-lambda": "1.37.0",
        "@aws-cdk/core": "1.37.0",
        "@aws-cdk/custom-resources": "1.37.0",
        "constructs": "^3.0.2"
      }
    },
    "@aws-cdk/aws-dynamodb": {
      "version": "1.37.0",
      "resolved": "https://registry.npmjs.org/@aws-cdk/aws-dynamodb/-/aws-dynamodb-1.37.0.tgz",
      "integrity": "sha512-IUD5vyHR/qg84mFj/PPGKBPKqE7zuBG6y6vSCq/A8jsgfdXwjqq644tMPl/onyIlM6Sv6qcX9C1Hy8M33L0nag==",
      "requires": {
        "@aws-cdk/aws-applicationautoscaling": "1.37.0",
        "@aws-cdk/aws-cloudwatch": "1.37.0",
        "@aws-cdk/aws-iam": "1.37.0",
        "@aws-cdk/aws-lambda": "1.37.0",
        "@aws-cdk/core": "1.37.0",
        "@aws-cdk/custom-resources": "1.37.0",
        "constructs": "^3.0.2"
      }
    },
    "@aws-cdk/aws-ec2": {
      "version": "1.37.0",
      "resolved": "https://registry.npmjs.org/@aws-cdk/aws-ec2/-/aws-ec2-1.37.0.tgz",
      "integrity": "sha512-08YA8B69NVwPj51XmIKv1Omj5V8xZblanXDj51/uM1evaNeporXRieuQjcZ6yQOx1anFrFWMVi2C3br1G48flA==",
      "requires": {
        "@aws-cdk/aws-cloudwatch": "1.37.0",
        "@aws-cdk/aws-iam": "1.37.0",
        "@aws-cdk/aws-logs": "1.37.0",
        "@aws-cdk/aws-s3": "1.37.0",
        "@aws-cdk/aws-ssm": "1.37.0",
        "@aws-cdk/core": "1.37.0",
        "@aws-cdk/cx-api": "1.37.0",
        "@aws-cdk/region-info": "1.37.0",
        "constructs": "^3.0.2"
      }
    },
    "@aws-cdk/aws-events": {
      "version": "1.37.0",
      "resolved": "https://registry.npmjs.org/@aws-cdk/aws-events/-/aws-events-1.37.0.tgz",
      "integrity": "sha512-BC1XqfX7wK766Y1JnDxmRwusfcpD00Z/RXdodwOa7MZZnyQALa4fulgjPhEfUnMKADdQqt2JDgTG5VmqqVTQQQ==",
      "requires": {
        "@aws-cdk/aws-iam": "1.37.0",
        "@aws-cdk/core": "1.37.0",
        "constructs": "^3.0.2"
      }
    },
    "@aws-cdk/aws-iam": {
      "version": "1.37.0",
      "resolved": "https://registry.npmjs.org/@aws-cdk/aws-iam/-/aws-iam-1.37.0.tgz",
      "integrity": "sha512-SjnwEw5qYvLJLkw4yKN3NJwaPSMpitv1eyDBHtYUyBNcTAvKwo6QOLeOw8GaFmO4WYOZuv+isW5OAxuhbcY5uw==",
      "requires": {
        "@aws-cdk/core": "1.37.0",
        "@aws-cdk/region-info": "1.37.0",
        "constructs": "^3.0.2"
      }
    },
    "@aws-cdk/aws-kms": {
      "version": "1.37.0",
      "resolved": "https://registry.npmjs.org/@aws-cdk/aws-kms/-/aws-kms-1.37.0.tgz",
      "integrity": "sha512-TDSByGbEIHW4qVoNO1mAe/Jnorngg5ay5djJ1d9EPfcz9hHSZiRNqcnObLezq16plenLiqtwoG0qaPPV8Q4EmQ==",
      "requires": {
        "@aws-cdk/aws-iam": "1.37.0",
        "@aws-cdk/core": "1.37.0",
        "constructs": "^3.0.2"
      }
    },
    "@aws-cdk/aws-lambda": {
      "version": "1.37.0",
      "resolved": "https://registry.npmjs.org/@aws-cdk/aws-lambda/-/aws-lambda-1.37.0.tgz",
      "integrity": "sha512-CgU3nC6460kwjOqGWQDkPNlultcmlTF+Kgc9NEs+n1njZ657eEqrLkNfRW13V9S2rcet8IkC2RQYB81E3IH3Lw==",
      "requires": {
        "@aws-cdk/aws-cloudwatch": "1.37.0",
        "@aws-cdk/aws-ec2": "1.37.0",
        "@aws-cdk/aws-events": "1.37.0",
        "@aws-cdk/aws-iam": "1.37.0",
        "@aws-cdk/aws-logs": "1.37.0",
        "@aws-cdk/aws-s3": "1.37.0",
        "@aws-cdk/aws-s3-assets": "1.37.0",
        "@aws-cdk/aws-sqs": "1.37.0",
        "@aws-cdk/core": "1.37.0",
        "@aws-cdk/cx-api": "1.37.0",
        "constructs": "^3.0.2"
      }
    },
    "@aws-cdk/aws-logs": {
      "version": "1.37.0",
      "resolved": "https://registry.npmjs.org/@aws-cdk/aws-logs/-/aws-logs-1.37.0.tgz",
      "integrity": "sha512-wzy3yi8c8B9/RHHroAE9ipApWc9dZssjaPOMHsDth7Zc8FVRVGul45s9AHAJ9A3tND9Sb9hWmudJdETCRE0DcA==",
      "requires": {
        "@aws-cdk/aws-cloudwatch": "1.37.0",
        "@aws-cdk/aws-iam": "1.37.0",
        "@aws-cdk/core": "1.37.0",
        "constructs": "^3.0.2"
      }
    },
    "@aws-cdk/aws-route53": {
      "version": "1.37.0",
      "resolved": "https://registry.npmjs.org/@aws-cdk/aws-route53/-/aws-route53-1.37.0.tgz",
      "integrity": "sha512-rmtWhrjegrh6peKH8NWCBicZYq5HG2+FlodQbg3GHbDyw6XfAFBmSDgMjBhE17gqKkcxEHuP8Dkxnky7zG/XBw==",
      "requires": {
        "@aws-cdk/aws-ec2": "1.37.0",
        "@aws-cdk/aws-logs": "1.37.0",
        "@aws-cdk/core": "1.37.0",
        "@aws-cdk/cx-api": "1.37.0",
        "constructs": "^3.0.2"
      }
    },
    "@aws-cdk/aws-s3": {
      "version": "1.37.0",
      "resolved": "https://registry.npmjs.org/@aws-cdk/aws-s3/-/aws-s3-1.37.0.tgz",
      "integrity": "sha512-NBKBKA7C1+3C+zUjO0Tk6BNNLJ3xU+zr7odN657FQ5qLgI2GKQhAJgegIKrc12gzhjJjcRN20AAPWxTinhf0qA==",
      "requires": {
        "@aws-cdk/aws-events": "1.37.0",
        "@aws-cdk/aws-iam": "1.37.0",
        "@aws-cdk/aws-kms": "1.37.0",
        "@aws-cdk/core": "1.37.0",
        "constructs": "^3.0.2"
      }
    },
    "@aws-cdk/aws-s3-assets": {
      "version": "1.37.0",
      "resolved": "https://registry.npmjs.org/@aws-cdk/aws-s3-assets/-/aws-s3-assets-1.37.0.tgz",
      "integrity": "sha512-S0wnwBYPU/faSNbz8+Bbg4aNvVr0iWx8NlG+gdtfYx0INIZeCx7Tdlm/R2l0hZkIdf+sq1d0QXT+ze8XRKt6wA==",
      "requires": {
        "@aws-cdk/assets": "1.37.0",
        "@aws-cdk/aws-iam": "1.37.0",
        "@aws-cdk/aws-s3": "1.37.0",
        "@aws-cdk/core": "1.37.0",
        "@aws-cdk/cx-api": "1.37.0",
        "constructs": "^3.0.2"
      }
    },
    "@aws-cdk/aws-sns": {
      "version": "1.37.0",
      "resolved": "https://registry.npmjs.org/@aws-cdk/aws-sns/-/aws-sns-1.37.0.tgz",
      "integrity": "sha512-fw7fywpDYsPEC7GiZbr87KT4/6C/Q4GhhxR0a6LXiLHyGVXjKub+EQ7OsNFWzFgmgGvYadTILCdiOJ2Zt0v8LA==",
      "requires": {
        "@aws-cdk/aws-cloudwatch": "1.37.0",
        "@aws-cdk/aws-events": "1.37.0",
        "@aws-cdk/aws-iam": "1.37.0",
        "@aws-cdk/aws-kms": "1.37.0",
        "@aws-cdk/core": "1.37.0",
        "constructs": "^3.0.2"
      }
    },
    "@aws-cdk/aws-sqs": {
      "version": "1.37.0",
      "resolved": "https://registry.npmjs.org/@aws-cdk/aws-sqs/-/aws-sqs-1.37.0.tgz",
      "integrity": "sha512-73fKfPcp3sUSnmJ+AGa5NFKF1YcCGb8wWvpg1DGCbgP8L8WtFwkGQufMJF326saQUFN1JSUaF54y2l+XA1+VqA==",
      "requires": {
        "@aws-cdk/aws-cloudwatch": "1.37.0",
        "@aws-cdk/aws-iam": "1.37.0",
        "@aws-cdk/aws-kms": "1.37.0",
        "@aws-cdk/core": "1.37.0",
        "constructs": "^3.0.2"
      }
    },
    "@aws-cdk/aws-ssm": {
      "version": "1.37.0",
      "resolved": "https://registry.npmjs.org/@aws-cdk/aws-ssm/-/aws-ssm-1.37.0.tgz",
      "integrity": "sha512-eriBIWPjpzpxC2Xag7uwh+X0+07TpsK7aHgJ8Vb3A260MGIJpUQZM8+KbOGE92mhxRprTkbEai2c6PGYneVuSw==",
      "requires": {
        "@aws-cdk/aws-iam": "1.37.0",
        "@aws-cdk/aws-kms": "1.37.0",
        "@aws-cdk/core": "1.37.0",
        "@aws-cdk/cx-api": "1.37.0",
        "constructs": "^3.0.2"
      }
    },
    "@aws-cdk/cloud-assembly-schema": {
      "version": "1.37.0",
      "resolved": "https://registry.npmjs.org/@aws-cdk/cloud-assembly-schema/-/cloud-assembly-schema-1.37.0.tgz",
      "integrity": "sha512-NPl4snssTiMtAaxYoh17NkwD4Wea0E/8lUaX3wohQ4RxeMgAghUiIJcTEtSDGjnnixWe0xAx44/5/AY7oXHfBg==",
      "requires": {
        "jsonschema": "^1.2.5",
        "semver": "^7.2.2"
      },
      "dependencies": {
        "jsonschema": {
          "version": "1.2.6",
          "bundled": true
        },
        "semver": {
          "version": "7.3.2",
          "bundled": true
        }
      }
    },
    "@aws-cdk/core": {
      "version": "1.37.0",
      "resolved": "https://registry.npmjs.org/@aws-cdk/core/-/core-1.37.0.tgz",
      "integrity": "sha512-6paUNCeF9AYv3sMP3h+v4noIPN7GMArRL8SXeiP2CWW0bOHoHOpjJYh25rNwp+vdZ3nBo1+19Rt3QlykoKZSlg==",
      "requires": {
        "@aws-cdk/cloud-assembly-schema": "1.37.0",
        "@aws-cdk/cx-api": "1.37.0",
        "constructs": "^3.0.2",
        "minimatch": "^3.0.4"
      },
      "dependencies": {
        "balanced-match": {
          "version": "1.0.0",
          "bundled": true
        },
        "brace-expansion": {
          "version": "1.1.11",
          "bundled": true,
          "requires": {
            "balanced-match": "^1.0.0",
            "concat-map": "0.0.1"
          }
        },
        "concat-map": {
          "version": "0.0.1",
          "bundled": true
        },
        "minimatch": {
          "version": "3.0.4",
          "bundled": true,
          "requires": {
            "brace-expansion": "^1.1.7"
          }
        }
      }
    },
    "@aws-cdk/custom-resources": {
      "version": "1.37.0",
      "resolved": "https://registry.npmjs.org/@aws-cdk/custom-resources/-/custom-resources-1.37.0.tgz",
      "integrity": "sha512-YFP9VMxJ1ROQyJbWUGDpVl/AXhA5Lg86WZ9hP3xCAWQbn/vtEzy5C3ONtj/Ir6cCsCMOHRUq2+BLXPhB0KJB2Q==",
      "requires": {
        "@aws-cdk/aws-cloudformation": "1.37.0",
        "@aws-cdk/aws-iam": "1.37.0",
        "@aws-cdk/aws-lambda": "1.37.0",
        "@aws-cdk/aws-logs": "1.37.0",
        "@aws-cdk/aws-sns": "1.37.0",
        "@aws-cdk/core": "1.37.0",
        "constructs": "^3.0.2"
      }
    },
    "@aws-cdk/cx-api": {
      "version": "1.37.0",
      "resolved": "https://registry.npmjs.org/@aws-cdk/cx-api/-/cx-api-1.37.0.tgz",
      "integrity": "sha512-gLqf53PLGYgrvNQ8ue9BpRH58Cfl/BunKlBXNzzwH58jVT+MXmzUQMGubKDCXKSH2zKsYcJ71By7m+zlnFpTWQ==",
      "requires": {
        "@aws-cdk/cloud-assembly-schema": "1.37.0",
        "semver": "^7.2.2"
      },
      "dependencies": {
        "semver": {
          "version": "7.3.2",
          "bundled": true
        }
      }
    },
    "@aws-cdk/region-info": {
      "version": "1.37.0",
      "resolved": "https://registry.npmjs.org/@aws-cdk/region-info/-/region-info-1.37.0.tgz",
      "integrity": "sha512-JTZ6fRN3htrReEpSgJQaLBLLFjT5CrCoOcwOWdBi3KymLXlduV7oUSpLwwlByKdfaIIroRO3FMPBeFa2c+ViOQ=="
    },
    "@types/node": {
      "version": "10.17.21",
      "resolved": "https://registry.npmjs.org/@types/node/-/node-10.17.21.tgz",
      "integrity": "sha512-PQKsydPxYxF1DsAFWmunaxd3sOi3iMt6Zmx/tgaagHYmwJ/9cRH91hQkeJZaUGWbvn0K5HlSVEXkn5U/llWPpQ==",
      "dev": true
    },
    "constructs": {
      "version": "3.0.3",
      "resolved": "https://registry.npmjs.org/constructs/-/constructs-3.0.3.tgz",
      "integrity": "sha512-JrYLpTlz92Un1jxkwoGiOiGoDjzIWtxo64sLC5FD4mQN1H9mAqZNvgxWYWaJIiWUXNkl5L5sO3GFf6peTj7UMQ=="
    },
    "typescript": {
      "version": "3.7.5",
      "resolved": "https://registry.npmjs.org/typescript/-/typescript-3.7.5.tgz",
      "integrity": "sha512-/P5lkRXkWHNAbcJIiHPfRoKqyd7bsyCma1hZNUGfn20qm64T6ZBlrzprymeu918H+mB/0rIg2gGK/BXkhhYgBw==",
      "dev": true
    }
  }
}
